
Microsoft Visual Studio Solution File, Format Version 12.00
# Visual Studio Version 17
VisualStudioVersion = 17.8.34112.27
MinimumVisualStudioVersion = 10.0.40219.1
Project("{8BC9CEB8-8B4A-11D0-8D11-00A0C91BC942}") = "gpu", "gpu\gpu.vcxproj", "{9F67E52D-FDF4-42DD-8E40-55D44E073074}"
EndProject
Project("{2150E333-8FDC-42A3-9474-1A3956D46DE8}") = "samples", "samples", "{F835E86D-38E3-4894-9081-78FF4D07C2C0}"
EndProject
Project("{8BC9CEB8-8B4A-11D0-8D11-00A0C91BC942}") = "gpu-preview", "C:\Users\recp\source\repos\gpu-preview\gpu-preview\gpu-preview.vcxproj", "{1A028FED-49D9-4292-8242-4C6ACFEF508E}"
	ProjectSection(ProjectDependencies) = postProject
		{9F67E52D-FDF4-42DD-8E40-55D44E073074} = {9F67E52D-FDF4-42DD-8E40-55D44E073074}
	EndProjectSection
EndProject
Project("{8BC9CEB8-8B4A-11D0-8D11-00A0C91BC942}") = "D3D12HelloTexture", "C:\Users\recp\Desktop\D3D12HelloWorld\src\HelloTexture\D3D12HelloTexture.vcxproj", "{16B13BB4-D82D-4AC1-8B40-C6BCCC99954B}"
EndProject
Global
	GlobalSection(SolutionConfigurationPlatforms) = preSolution
		Debug|ARM = Debug|ARM
		Debug|ARM64 = Debug|ARM64
		Debug|x64 = Debug|x64
		Debug|x86 = Debug|x86
		Release|ARM = Release|ARM
		Release|ARM64 = Release|ARM64
		Release|x64 = Release|x64
		Release|x86 = Release|x86
	EndGlobalSection
	GlobalSection(ProjectConfigurationPlatforms) = postSolution
		{9F67E52D-FDF4-42DD-8E40-55D44E073074}.Debug|ARM.ActiveCfg = Debug|x64
		{9F67E52D-FDF4-42DD-8E40-55D44E073074}.Debug|ARM.Build.0 = Debug|x64
		{9F67E52D-FDF4-42DD-8E40-55D44E073074}.Debug|ARM64.ActiveCfg = Debug|ARM64
		{9F67E52D-FDF4-42DD-8E40-55D44E073074}.Debug|ARM64.Build.0 = Debug|ARM64
		{9F67E52D-FDF4-42DD-8E40-55D44E073074}.Debug|x64.ActiveCfg = Debug|x64
		{9F67E52D-FDF4-42DD-8E40-55D44E073074}.Debug|x64.Build.0 = Debug|x64
		{9F67E52D-FDF4-42DD-8E40-55D44E073074}.Debug|x86.ActiveCfg = Debug|Win32
		{9F67E52D-FDF4-42DD-8E40-55D44E073074}.Debug|x86.Build.0 = Debug|Win32
		{9F67E52D-FDF4-42DD-8E40-55D44E073074}.Release|ARM.ActiveCfg = Release|x64
		{9F67E52D-FDF4-42DD-8E40-55D44E073074}.Release|ARM.Build.0 = Release|x64
		{9F67E52D-FDF4-42DD-8E40-55D44E073074}.Release|ARM64.ActiveCfg = Release|ARM64
		{9F67E52D-FDF4-42DD-8E40-55D44E073074}.Release|ARM64.Build.0 = Release|ARM64
		{9F67E52D-FDF4-42DD-8E40-55D44E073074}.Release|x64.ActiveCfg = Release|x64
		{9F67E52D-FDF4-42DD-8E40-55D44E073074}.Release|x64.Build.0 = Release|x64
		{9F67E52D-FDF4-42DD-8E40-55D44E073074}.Release|x86.ActiveCfg = Release|Win32
		{9F67E52D-FDF4-42DD-8E40-55D44E073074}.Release|x86.Build.0 = Release|Win32
		{1A028FED-49D9-4292-8242-4C6ACFEF508E}.Debug|ARM.ActiveCfg = Debug|ARM
		{1A028FED-49D9-4292-8242-4C6ACFEF508E}.Debug|ARM.Build.0 = Debug|ARM
		{1A028FED-49D9-4292-8242-4C6ACFEF508E}.Debug|ARM.Deploy.0 = Debug|ARM
		{1A028FED-49D9-4292-8242-4C6ACFEF508E}.Debug|ARM64.ActiveCfg = Debug|ARM64
		{1A028FED-49D9-4292-8242-4C6ACFEF508E}.Debug|ARM64.Build.0 = Debug|ARM64
		{1A028FED-49D9-4292-8242-4C6ACFEF508E}.Debug|ARM64.Deploy.0 = Debug|ARM64
		{1A028FED-49D9-4292-8242-4C6ACFEF508E}.Debug|x64.ActiveCfg = Debug|x64
		{1A028FED-49D9-4292-8242-4C6ACFEF508E}.Debug|x64.Build.0 = Debug|x64
		{1A028FED-49D9-4292-8242-4C6ACFEF508E}.Debug|x64.Deploy.0 = Debug|x64
		{1A028FED-49D9-4292-8242-4C6ACFEF508E}.Debug|x86.ActiveCfg = Debug|Win32
		{1A028FED-49D9-4292-8242-4C6ACFEF508E}.Debug|x86.Build.0 = Debug|Win32
		{1A028FED-49D9-4292-8242-4C6ACFEF508E}.Debug|x86.Deploy.0 = Debug|Win32
		{1A028FED-49D9-4292-8242-4C6ACFEF508E}.Release|ARM.ActiveCfg = Release|ARM
		{1A028FED-49D9-4292-8242-4C6ACFEF508E}.Release|ARM.Build.0 = Release|ARM
		{1A028FED-49D9-4292-8242-4C6ACFEF508E}.Release|ARM.Deploy.0 = Release|ARM
		{1A028FED-49D9-4292-8242-4C6ACFEF508E}.Release|ARM64.ActiveCfg = Release|ARM64
		{1A028FED-49D9-4292-8242-4C6ACFEF508E}.Release|ARM64.Build.0 = Release|ARM64
		{1A028FED-49D9-4292-8242-4C6ACFEF508E}.Release|ARM64.Deploy.0 = Release|ARM64
		{1A028FED-49D9-4292-8242-4C6ACFEF508E}.Release|x64.ActiveCfg = Release|x64
		{1A028FED-49D9-4292-8242-4C6ACFEF508E}.Release|x64.Build.0 = Release|x64
		{1A028FED-49D9-4292-8242-4C6ACFEF508E}.Release|x64.Deploy.0 = Release|x64
		{1A028FED-49D9-4292-8242-4C6ACFEF508E}.Release|x86.ActiveCfg = Release|Win32
		{1A028FED-49D9-4292-8242-4C6ACFEF508E}.Release|x86.Build.0 = Release|Win32
		{1A028FED-49D9-4292-8242-4C6ACFEF508E}.Release|x86.Deploy.0 = Release|Win32
		{16B13BB4-D82D-4AC1-8B40-C6BCCC99954B}.Debug|ARM.ActiveCfg = Debug|x64
		{16B13BB4-D82D-4AC1-8B40-C6BCCC99954B}.Debug|ARM.Build.0 = Debug|x64
		{16B13BB4-D82D-4AC1-8B40-C6BCCC99954B}.Debug|ARM64.ActiveCfg = Debug|ARM64
		{16B13BB4-D82D-4AC1-8B40-C6BCCC99954B}.Debug|ARM64.Build.0 = Debug|ARM64
		{16B13BB4-D82D-4AC1-8B40-C6BCCC99954B}.Debug|x64.ActiveCfg = Debug|x64
		{16B13BB4-D82D-4AC1-8B40-C6BCCC99954B}.Debug|x64.Build.0 = Debug|x64
		{16B13BB4-D82D-4AC1-8B40-C6BCCC99954B}.Debug|x86.ActiveCfg = Debug|x64
		{16B13BB4-D82D-4AC1-8B40-C6BCCC99954B}.Debug|x86.Build.0 = Debug|x64
		{16B13BB4-D82D-4AC1-8B40-C6BCCC99954B}.Release|ARM.ActiveCfg = Release|x64
		{16B13BB4-D82D-4AC1-8B40-C6BCCC99954B}.Release|ARM.Build.0 = Release|x64
		{16B13BB4-D82D-4AC1-8B40-C6BCCC99954B}.Release|ARM64.ActiveCfg = Release|x64
		{16B13BB4-D82D-4AC1-8B40-C6BCCC99954B}.Release|ARM64.Build.0 = Release|x64
		{16B13BB4-D82D-4AC1-8B40-C6BCCC99954B}.Release|x64.ActiveCfg = Release|x64
		{16B13BB4-D82D-4AC1-8B40-C6BCCC99954B}.Release|x64.Build.0 = Release|x64
		{16B13BB4-D82D-4AC1-8B40-C6BCCC99954B}.Release|x86.ActiveCfg = Release|x64
		{16B13BB4-D82D-4AC1-8B40-C6BCCC99954B}.Release|x86.Build.0 = Release|x64
	EndGlobalSection
	GlobalSection(SolutionProperties) = preSolution
		HideSolutionNode = FALSE
	EndGlobalSection
	GlobalSection(NestedProjects) = preSolution
		{1A028FED-49D9-4292-8242-4C6ACFEF508E} = {F835E86D-38E3-4894-9081-78FF4D07C2C0}
		{16B13BB4-D82D-4AC1-8B40-C6BCCC99954B} = {F835E86D-38E3-4894-9081-78FF4D07C2C0}
	EndGlobalSection
	GlobalSection(ExtensibilityGlobals) = postSolution
		SolutionGuid = {E7E591F2-82A3-43EE-9B9B-2A2F793AE319}
	EndGlobalSection
EndGlobal
