// !$*UTF8*$!
{
	archiveVersion = 1;
	classes = {
	};
	objectVersion = 50;
	objects = {

/* Begin PBXBuildFile section */
		1E8A7699223D2E86001681FF /* AppDelegate.swift in Sources */ = {isa = PBXBuildFile; fileRef = 1E8A7698223D2E86001681FF /* AppDelegate.swift */; };
		1E8A769B223D2E86001681FF /* GameViewController.swift in Sources */ = {isa = PBXBuildFile; fileRef = 1E8A769A223D2E86001681FF /* GameViewController.swift */; };
		1E8A769D223D2E86001681FF /* Renderer.swift in Sources */ = {isa = PBXBuildFile; fileRef = 1E8A769C223D2E86001681FF /* Renderer.swift */; };
		1E8A769F223D2E86001681FF /* Shaders.metal in Sources */ = {isa = PBXBuildFile; fileRef = 1E8A769E223D2E86001681FF /* Shaders.metal */; };
		1E8A76A2223D2E87001681FF /* Assets.xcassets in Resources */ = {isa = PBXBuildFile; fileRef = 1E8A76A1223D2E87001681FF /* Assets.xcassets */; };
		1E8A76A5223D2E87001681FF /* Main.storyboard in Resources */ = {isa = PBXBuildFile; fileRef = 1E8A76A3223D2E87001681FF /* Main.storyboard */; };
		1E8A76B1223D2E88001681FF /* gpu_swiftTests.swift in Sources */ = {isa = PBXBuildFile; fileRef = 1E8A76B0223D2E88001681FF /* gpu_swiftTests.swift */; };
		1E8A76BC223D2E88001681FF /* gpu_swiftUITests.swift in Sources */ = {isa = PBXBuildFile; fileRef = 1E8A76BB223D2E88001681FF /* gpu_swiftUITests.swift */; };
/* End PBXBuildFile section */

/* Begin PBXContainerItemProxy section */
		1E8A76AD223D2E88001681FF /* PBXContainerItemProxy */ = {
			isa = PBXContainerItemProxy;
			containerPortal = 1E8A768D223D2E86001681FF /* Project object */;
			proxyType = 1;
			remoteGlobalIDString = 1E8A7694223D2E86001681FF;
			remoteInfo = gpu_swift;
		};
		1E8A76B8223D2E88001681FF /* PBXContainerItemProxy */ = {
			isa = PBXContainerItemProxy;
			containerPortal = 1E8A768D223D2E86001681FF /* Project object */;
			proxyType = 1;
			remoteGlobalIDString = 1E8A7694223D2E86001681FF;
			remoteInfo = gpu_swift;
		};
/* End PBXContainerItemProxy section */

/* Begin PBXFileReference section */
		1E8A7695223D2E86001681FF /* gpu_swift.app */ = {isa = PBXFileReference; explicitFileType = wrapper.application; includeInIndex = 0; path = gpu_swift.app; sourceTree = BUILT_PRODUCTS_DIR; };
		1E8A7698223D2E86001681FF /* AppDelegate.swift */ = {isa = PBXFileReference; lastKnownFileType = sourcecode.swift; path = AppDelegate.swift; sourceTree = "<group>"; };
		1E8A769A223D2E86001681FF /* GameViewController.swift */ = {isa = PBXFileReference; lastKnownFileType = sourcecode.swift; path = GameViewController.swift; sourceTree = "<group>"; };
		1E8A769C223D2E86001681FF /* Renderer.swift */ = {isa = PBXFileReference; lastKnownFileType = sourcecode.swift; path = Renderer.swift; sourceTree = "<group>"; };
		1E8A769E223D2E86001681FF /* Shaders.metal */ = {isa = PBXFileReference; lastKnownFileType = sourcecode.metal; path = Shaders.metal; sourceTree = "<group>"; };
		1E8A76A0223D2E86001681FF /* ShaderTypes.h */ = {isa = PBXFileReference; lastKnownFileType = sourcecode.c.h; path = ShaderTypes.h; sourceTree = "<group>"; };
		1E8A76A1223D2E87001681FF /* Assets.xcassets */ = {isa = PBXFileReference; lastKnownFileType = folder.assetcatalog; path = Assets.xcassets; sourceTree = "<group>"; };
		1E8A76A4223D2E87001681FF /* Base */ = {isa = PBXFileReference; lastKnownFileType = file.storyboard; name = Base; path = Base.lproj/Main.storyboard; sourceTree = "<group>"; };
		1E8A76A6223D2E87001681FF /* Info.plist */ = {isa = PBXFileReference; lastKnownFileType = text.plist.xml; path = Info.plist; sourceTree = "<group>"; };
		1E8A76A7223D2E87001681FF /* gpu_swift.entitlements */ = {isa = PBXFileReference; lastKnownFileType = text.plist.entitlements; path = gpu_swift.entitlements; sourceTree = "<group>"; };
		1E8A76AC223D2E88001681FF /* gpu_swiftTests.xctest */ = {isa = PBXFileReference; explicitFileType = wrapper.cfbundle; includeInIndex = 0; path = gpu_swiftTests.xctest; sourceTree = BUILT_PRODUCTS_DIR; };
		1E8A76B0223D2E88001681FF /* gpu_swiftTests.swift */ = {isa = PBXFileReference; lastKnownFileType = sourcecode.swift; path = gpu_swiftTests.swift; sourceTree = "<group>"; };
		1E8A76B2223D2E88001681FF /* Info.plist */ = {isa = PBXFileReference; lastKnownFileType = text.plist.xml; path = Info.plist; sourceTree = "<group>"; };
		1E8A76B7223D2E88001681FF /* gpu_swiftUITests.xctest */ = {isa = PBXFileReference; explicitFileType = wrapper.cfbundle; includeInIndex = 0; path = gpu_swiftUITests.xctest; sourceTree = BUILT_PRODUCTS_DIR; };
		1E8A76BB223D2E88001681FF /* gpu_swiftUITests.swift */ = {isa = PBXFileReference; lastKnownFileType = sourcecode.swift; path = gpu_swiftUITests.swift; sourceTree = "<group>"; };
		1E8A76BD223D2E88001681FF /* Info.plist */ = {isa = PBXFileReference; lastKnownFileType = text.plist.xml; path = Info.plist; sourceTree = "<group>"; };
/* End PBXFileReference section */

/* Begin PBXFrameworksBuildPhase section */
		1E8A7692223D2E86001681FF /* Frameworks */ = {
			isa = PBXFrameworksBuildPhase;
			buildActionMask = 2147483647;
			files = (
			);
			runOnlyForDeploymentPostprocessing = 0;
		};
		1E8A76A9223D2E88001681FF /* Frameworks */ = {
			isa = PBXFrameworksBuildPhase;
			buildActionMask = 2147483647;
			files = (
			);
			runOnlyForDeploymentPostprocessing = 0;
		};
		1E8A76B4223D2E88001681FF /* Frameworks */ = {
			isa = PBXFrameworksBuildPhase;
			buildActionMask = 2147483647;
			files = (
			);
			runOnlyForDeploymentPostprocessing = 0;
		};
/* End PBXFrameworksBuildPhase section */

/* Begin PBXGroup section */
		1E8A768C223D2E86001681FF = {
			isa = PBXGroup;
			children = (
				1E8A7697223D2E86001681FF /* gpu_swift */,
				1E8A76AF223D2E88001681FF /* gpu_swiftTests */,
				1E8A76BA223D2E88001681FF /* gpu_swiftUITests */,
				1E8A7696223D2E86001681FF /* Products */,
			);
			sourceTree = "<group>";
		};
		1E8A7696223D2E86001681FF /* Products */ = {
			isa = PBXGroup;
			children = (
				1E8A7695223D2E86001681FF /* gpu_swift.app */,
				1E8A76AC223D2E88001681FF /* gpu_swiftTests.xctest */,
				1E8A76B7223D2E88001681FF /* gpu_swiftUITests.xctest */,
			);
			name = Products;
			sourceTree = "<group>";
		};
		1E8A7697223D2E86001681FF /* gpu_swift */ = {
			isa = PBXGroup;
			children = (
				1E8A7698223D2E86001681FF /* AppDelegate.swift */,
				1E8A769A223D2E86001681FF /* GameViewController.swift */,
				1E8A769C223D2E86001681FF /* Renderer.swift */,
				1E8A769E223D2E86001681FF /* Shaders.metal */,
				1E8A76A0223D2E86001681FF /* ShaderTypes.h */,
				1E8A76A1223D2E87001681FF /* Assets.xcassets */,
				1E8A76A3223D2E87001681FF /* Main.storyboard */,
				1E8A76A6223D2E87001681FF /* Info.plist */,
				1E8A76A7223D2E87001681FF /* gpu_swift.entitlements */,
			);
			path = gpu_swift;
			sourceTree = "<group>";
		};
		1E8A76AF223D2E88001681FF /* gpu_swiftTests */ = {
			isa = PBXGroup;
			children = (
				1E8A76B0223D2E88001681FF /* gpu_swiftTests.swift */,
				1E8A76B2223D2E88001681FF /* Info.plist */,
			);
			path = gpu_swiftTests;
			sourceTree = "<group>";
		};
		1E8A76BA223D2E88001681FF /* gpu_swiftUITests */ = {
			isa = PBXGroup;
			children = (
				1E8A76BB223D2E88001681FF /* gpu_swiftUITests.swift */,
				1E8A76BD223D2E88001681FF /* Info.plist */,
			);
			path = gpu_swiftUITests;
			sourceTree = "<group>";
		};
/* End PBXGroup section */

/* Begin PBXNativeTarget section */
		1E8A7694223D2E86001681FF /* gpu_swift */ = {
			isa = PBXNativeTarget;
			buildConfigurationList = 1E8A76C0223D2E88001681FF /* Build configuration list for PBXNativeTarget "gpu_swift" */;
			buildPhases = (
				1E8A7691223D2E86001681FF /* Sources */,
				1E8A7692223D2E86001681FF /* Frameworks */,
				1E8A7693223D2E86001681FF /* Resources */,
			);
			buildRules = (
			);
			dependencies = (
			);
			name = gpu_swift;
			productName = gpu_swift;
			productReference = 1E8A7695223D2E86001681FF /* gpu_swift.app */;
			productType = "com.apple.product-type.application";
		};
		1E8A76AB223D2E88001681FF /* gpu_swiftTests */ = {
			isa = PBXNativeTarget;
			buildConfigurationList = 1E8A76C3223D2E88001681FF /* Build configuration list for PBXNativeTarget "gpu_swiftTests" */;
			buildPhases = (
				1E8A76A8223D2E88001681FF /* Sources */,
				1E8A76A9223D2E88001681FF /* Frameworks */,
				1E8A76AA223D2E88001681FF /* Resources */,
			);
			buildRules = (
			);
			dependencies = (
				1E8A76AE223D2E88001681FF /* PBXTargetDependency */,
			);
			name = gpu_swiftTests;
			productName = gpu_swiftTests;
			productReference = 1E8A76AC223D2E88001681FF /* gpu_swiftTests.xctest */;
			productType = "com.apple.product-type.bundle.unit-test";
		};
		1E8A76B6223D2E88001681FF /* gpu_swiftUITests */ = {
			isa = PBXNativeTarget;
			buildConfigurationList = 1E8A76C6223D2E88001681FF /* Build configuration list for PBXNativeTarget "gpu_swiftUITests" */;
			buildPhases = (
				1E8A76B3223D2E88001681FF /* Sources */,
				1E8A76B4223D2E88001681FF /* Frameworks */,
				1E8A76B5223D2E88001681FF /* Resources */,
			);
			buildRules = (
			);
			dependencies = (
				1E8A76B9223D2E88001681FF /* PBXTargetDependency */,
			);
			name = gpu_swiftUITests;
			productName = gpu_swiftUITests;
			productReference = 1E8A76B7223D2E88001681FF /* gpu_swiftUITests.xctest */;
			productType = "com.apple.product-type.bundle.ui-testing";
		};
/* End PBXNativeTarget section */

/* Begin PBXProject section */
		1E8A768D223D2E86001681FF /* Project object */ = {
			isa = PBXProject;
			attributes = {
				LastSwiftUpdateCheck = 1010;
				LastUpgradeCheck = 1010;
				ORGANIZATIONNAME = "Recep Aslantas";
				TargetAttributes = {
					1E8A7694223D2E86001681FF = {
						CreatedOnToolsVersion = 10.1;
					};
					1E8A76AB223D2E88001681FF = {
						CreatedOnToolsVersion = 10.1;
						TestTargetID = 1E8A7694223D2E86001681FF;
					};
					1E8A76B6223D2E88001681FF = {
						CreatedOnToolsVersion = 10.1;
						TestTargetID = 1E8A7694223D2E86001681FF;
					};
				};
			};
			buildConfigurationList = 1E8A7690223D2E86001681FF /* Build configuration list for PBXProject "gpu_swift" */;
			compatibilityVersion = "Xcode 9.3";
			developmentRegion = en;
			hasScannedForEncodings = 0;
			knownRegions = (
				en,
				Base,
			);
			mainGroup = 1E8A768C223D2E86001681FF;
			productRefGroup = 1E8A7696223D2E86001681FF /* Products */;
			projectDirPath = "";
			projectRoot = "";
			targets = (
				1E8A7694223D2E86001681FF /* gpu_swift */,
				1E8A76AB223D2E88001681FF /* gpu_swiftTests */,
				1E8A76B6223D2E88001681FF /* gpu_swiftUITests */,
			);
		};
/* End PBXProject section */

/* Begin PBXResourcesBuildPhase section */
		1E8A7693223D2E86001681FF /* Resources */ = {
			isa = PBXResourcesBuildPhase;
			buildActionMask = 2147483647;
			files = (
				1E8A76A2223D2E87001681FF /* Assets.xcassets in Resources */,
				1E8A76A5223D2E87001681FF /* Main.storyboard in Resources */,
			);
			runOnlyForDeploymentPostprocessing = 0;
		};
		1E8A76AA223D2E88001681FF /* Resources */ = {
			isa = PBXResourcesBuildPhase;
			buildActionMask = 2147483647;
			files = (
			);
			runOnlyForDeploymentPostprocessing = 0;
		};
		1E8A76B5223D2E88001681FF /* Resources */ = {
			isa = PBXResourcesBuildPhase;
			buildActionMask = 2147483647;
			files = (
			);
			runOnlyForDeploymentPostprocessing = 0;
		};
/* End PBXResourcesBuildPhase section */

/* Begin PBXSourcesBuildPhase section */
		1E8A7691223D2E86001681FF /* Sources */ = {
			isa = PBXSourcesBuildPhase;
			buildActionMask = 2147483647;
			files = (
				1E8A769F223D2E86001681FF /* Shaders.metal in Sources */,
				1E8A769B223D2E86001681FF /* GameViewController.swift in Sources */,
				1E8A769D223D2E86001681FF /* Renderer.swift in Sources */,
				1E8A7699223D2E86001681FF /* AppDelegate.swift in Sources */,
			);
			runOnlyForDeploymentPostprocessing = 0;
		};
		1E8A76A8223D2E88001681FF /* Sources */ = {
			isa = PBXSourcesBuildPhase;
			buildActionMask = 2147483647;
			files = (
				1E8A76B1223D2E88001681FF /* gpu_swiftTests.swift in Sources */,
			);
			runOnlyForDeploymentPostprocessing = 0;
		};
		1E8A76B3223D2E88001681FF /* Sources */ = {
			isa = PBXSourcesBuildPhase;
			buildActionMask = 2147483647;
			files = (
				1E8A76BC223D2E88001681FF /* gpu_swiftUITests.swift in Sources */,
			);
			runOnlyForDeploymentPostprocessing = 0;
		};
/* End PBXSourcesBuildPhase section */

/* Begin PBXTargetDependency section */
		1E8A76AE223D2E88001681FF /* PBXTargetDependency */ = {
			isa = PBXTargetDependency;
			target = 1E8A7694223D2E86001681FF /* gpu_swift */;
			targetProxy = 1E8A76AD223D2E88001681FF /* PBXContainerItemProxy */;
		};
		1E8A76B9223D2E88001681FF /* PBXTargetDependency */ = {
			isa = PBXTargetDependency;
			target = 1E8A7694223D2E86001681FF /* gpu_swift */;
			targetProxy = 1E8A76B8223D2E88001681FF /* PBXContainerItemProxy */;
		};
/* End PBXTargetDependency section */

/* Begin PBXVariantGroup section */
		1E8A76A3223D2E87001681FF /* Main.storyboard */ = {
			isa = PBXVariantGroup;
			children = (
				1E8A76A4223D2E87001681FF /* Base */,
			);
			name = Main.storyboard;
			sourceTree = "<group>";
		};
/* End PBXVariantGroup section */

/* Begin XCBuildConfiguration section */
		1E8A76BE223D2E88001681FF /* Debug */ = {
			isa = XCBuildConfiguration;
			buildSettings = {
				ALWAYS_SEARCH_USER_PATHS = NO;
				CLANG_ANALYZER_NONNULL = YES;
				CLANG_ANALYZER_NUMBER_OBJECT_CONVERSION = YES_AGGRESSIVE;
				CLANG_CXX_LANGUAGE_STANDARD = "gnu++14";
				CLANG_CXX_LIBRARY = "libc++";
				CLANG_ENABLE_MODULES = YES;
				CLANG_ENABLE_OBJC_ARC = YES;
				CLANG_ENABLE_OBJC_WEAK = YES;
				CLANG_WARN_BLOCK_CAPTURE_AUTORELEASING = YES;
				CLANG_WARN_BOOL_CONVERSION = YES;
				CLANG_WARN_COMMA = YES;
				CLANG_WARN_CONSTANT_CONVERSION = YES;
				CLANG_WARN_DEPRECATED_OBJC_IMPLEMENTATIONS = YES;
				CLANG_WARN_DIRECT_OBJC_ISA_USAGE = YES_ERROR;
				CLANG_WARN_DOCUMENTATION_COMMENTS = YES;
				CLANG_WARN_EMPTY_BODY = YES;
				CLANG_WARN_ENUM_CONVERSION = YES;
				CLANG_WARN_INFINITE_RECURSION = YES;
				CLANG_WARN_INT_CONVERSION = YES;
				CLANG_WARN_NON_LITERAL_NULL_CONVERSION = YES;
				CLANG_WARN_OBJC_IMPLICIT_RETAIN_SELF = YES;
				CLANG_WARN_OBJC_LITERAL_CONVERSION = YES;
				CLANG_WARN_OBJC_ROOT_CLASS = YES_ERROR;
				CLANG_WARN_RANGE_LOOP_ANALYSIS = YES;
				CLANG_WARN_STRICT_PROTOTYPES = YES;
				CLANG_WARN_SUSPICIOUS_MOVE = YES;
				CLANG_WARN_UNGUARDED_AVAILABILITY = YES_AGGRESSIVE;
				CLANG_WARN_UNREACHABLE_CODE = YES;
				CLANG_WARN__DUPLICATE_METHOD_MATCH = YES;
				CODE_SIGN_IDENTITY = "Mac Developer";
				COPY_PHASE_STRIP = NO;
				DEBUG_INFORMATION_FORMAT = dwarf;
				ENABLE_STRICT_OBJC_MSGSEND = YES;
				ENABLE_TESTABILITY = YES;
				GCC_C_LANGUAGE_STANDARD = gnu11;
				GCC_DYNAMIC_NO_PIC = NO;
				GCC_NO_COMMON_BLOCKS = YES;
				GCC_OPTIMIZATION_LEVEL = 0;
				GCC_PREPROCESSOR_DEFINITIONS = (
					"DEBUG=1",
					"$(inherited)",
				);
				GCC_WARN_64_TO_32_BIT_CONVERSION = YES;
				GCC_WARN_ABOUT_RETURN_TYPE = YES_ERROR;
				GCC_WARN_UNDECLARED_SELECTOR = YES;
				GCC_WARN_UNINITIALIZED_AUTOS = YES_AGGRESSIVE;
				GCC_WARN_UNUSED_FUNCTION = YES;
				GCC_WARN_UNUSED_VARIABLE = YES;
				MACOSX_DEPLOYMENT_TARGET = 10.14;
				MTL_ENABLE_DEBUG_INFO = INCLUDE_SOURCE;
				MTL_FAST_MATH = YES;
				ONLY_ACTIVE_ARCH = YES;
				SDKROOT = macosx;
				SWIFT_ACTIVE_COMPILATION_CONDITIONS = DEBUG;
				SWIFT_OPTIMIZATION_LEVEL = "-Onone";
			};
			name = Debug;
		};
		1E8A76BF223D2E88001681FF /* Release */ = {
			isa = XCBuildConfiguration;
			buildSettings = {
				ALWAYS_SEARCH_USER_PATHS = NO;
				CLANG_ANALYZER_NONNULL = YES;
				CLANG_ANALYZER_NUMBER_OBJECT_CONVERSION = YES_AGGRESSIVE;
				CLANG_CXX_LANGUAGE_STANDARD = "gnu++14";
				CLANG_CXX_LIBRARY = "libc++";
				CLANG_ENABLE_MODULES = YES;
				CLANG_ENABLE_OBJC_ARC = YES;
				CLANG_ENABLE_OBJC_WEAK = YES;
				CLANG_WARN_BLOCK_CAPTURE_AUTORELEASING = YES;
				CLANG_WARN_BOOL_CONVERSION = YES;
				CLANG_WARN_COMMA = YES;
				CLANG_WARN_CONSTANT_CONVERSION = YES;
				CLANG_WARN_DEPRECATED_OBJC_IMPLEMENTATIONS = YES;
				CLANG_WARN_DIRECT_OBJC_ISA_USAGE = YES_ERROR;
				CLANG_WARN_DOCUMENTATION_COMMENTS = YES;
				CLANG_WARN_EMPTY_BODY = YES;
				CLANG_WARN_ENUM_CONVERSION = YES;
				CLANG_WARN_INFINITE_RECURSION = YES;
				CLANG_WARN_INT_CONVERSION = YES;
				CLANG_WARN_NON_LITERAL_NULL_CONVERSION = YES;
				CLANG_WARN_OBJC_IMPLICIT_RETAIN_SELF = YES;
				CLANG_WARN_OBJC_LITERAL_CONVERSION = YES;
				CLANG_WARN_OBJC_ROOT_CLASS = YES_ERROR;
				CLANG_WARN_RANGE_LOOP_ANALYSIS = YES;
				CLANG_WARN_STRICT_PROTOTYPES = YES;
				CLANG_WARN_SUSPICIOUS_MOVE = YES;
				CLANG_WARN_UNGUARDED_AVAILABILITY = YES_AGGRESSIVE;
				CLANG_WARN_UNREACHABLE_CODE = YES;
				CLANG_WARN__DUPLICATE_METHOD_MATCH = YES;
				CODE_SIGN_IDENTITY = "Mac Developer";
				COPY_PHASE_STRIP = NO;
				DEBUG_INFORMATION_FORMAT = "dwarf-with-dsym";
				ENABLE_NS_ASSERTIONS = NO;
				ENABLE_STRICT_OBJC_MSGSEND = YES;
				GCC_C_LANGUAGE_STANDARD = gnu11;
				GCC_NO_COMMON_BLOCKS = YES;
				GCC_WARN_64_TO_32_BIT_CONVERSION = YES;
				GCC_WARN_ABOUT_RETURN_TYPE = YES_ERROR;
				GCC_WARN_UNDECLARED_SELECTOR = YES;
				GCC_WARN_UNINITIALIZED_AUTOS = YES_AGGRESSIVE;
				GCC_WARN_UNUSED_FUNCTION = YES;
				GCC_WARN_UNUSED_VARIABLE = YES;
				MACOSX_DEPLOYMENT_TARGET = 10.14;
				MTL_ENABLE_DEBUG_INFO = NO;
				MTL_FAST_MATH = YES;
				SDKROOT = macosx;
				SWIFT_COMPILATION_MODE = wholemodule;
				SWIFT_OPTIMIZATION_LEVEL = "-O";
			};
			name = Release;
		};
		1E8A76C1223D2E88001681FF /* Debug */ = {
			isa = XCBuildConfiguration;
			buildSettings = {
				ASSETCATALOG_COMPILER_APPICON_NAME = AppIcon;
				CODE_SIGN_ENTITLEMENTS = gpu_swift/gpu_swift.entitlements;
				CODE_SIGN_STYLE = Automatic;
				COMBINE_HIDPI_IMAGES = YES;
				DEVELOPMENT_TEAM = 43HMQY7T5T;
				INFOPLIST_FILE = gpu_swift/Info.plist;
				LD_RUNPATH_SEARCH_PATHS = (
					"$(inherited)",
					"@executable_path/../Frameworks",
				);
				PRODUCT_BUNDLE_IDENTIFIER = "co.recp.gpu-swift";
				PRODUCT_NAME = "$(TARGET_NAME)";
				SWIFT_OBJC_BRIDGING_HEADER = gpu_swift/ShaderTypes.h;
				SWIFT_VERSION = 4.2;
			};
			name = Debug;
		};
		1E8A76C2223D2E88001681FF /* Release */ = {
			isa = XCBuildConfiguration;
			buildSettings = {
				ASSETCATALOG_COMPILER_APPICON_NAME = AppIcon;
				CODE_SIGN_ENTITLEMENTS = gpu_swift/gpu_swift.entitlements;
				CODE_SIGN_STYLE = Automatic;
				COMBINE_HIDPI_IMAGES = YES;
				DEVELOPMENT_TEAM = 43HMQY7T5T;
				INFOPLIST_FILE = gpu_swift/Info.plist;
				LD_RUNPATH_SEARCH_PATHS = (
					"$(inherited)",
					"@executable_path/../Frameworks",
				);
				PRODUCT_BUNDLE_IDENTIFIER = "co.recp.gpu-swift";
				PRODUCT_NAME = "$(TARGET_NAME)";
				SWIFT_OBJC_BRIDGING_HEADER = gpu_swift/ShaderTypes.h;
				SWIFT_VERSION = 4.2;
			};
			name = Release;
		};
		1E8A76C4223D2E88001681FF /* Debug */ = {
			isa = XCBuildConfiguration;
			buildSettings = {
				ALWAYS_EMBED_SWIFT_STANDARD_LIBRARIES = YES;
				BUNDLE_LOADER = "$(TEST_HOST)";
				CODE_SIGN_STYLE = Automatic;
				COMBINE_HIDPI_IMAGES = YES;
				DEVELOPMENT_TEAM = 43HMQY7T5T;
				INFOPLIST_FILE = gpu_swiftTests/Info.plist;
				LD_RUNPATH_SEARCH_PATHS = (
					"$(inherited)",
					"@executable_path/../Frameworks",
					"@loader_path/../Frameworks",
				);
				PRODUCT_BUNDLE_IDENTIFIER = "co.recp.gpu-swiftTests";
				PRODUCT_NAME = "$(TARGET_NAME)";
				SWIFT_VERSION = 4.2;
				TEST_HOST = "$(BUILT_PRODUCTS_DIR)/gpu_swift.app/Contents/MacOS/gpu_swift";
			};
			name = Debug;
		};
		1E8A76C5223D2E88001681FF /* Release */ = {
			isa = XCBuildConfiguration;
			buildSettings = {
				ALWAYS_EMBED_SWIFT_STANDARD_LIBRARIES = YES;
				BUNDLE_LOADER = "$(TEST_HOST)";
				CODE_SIGN_STYLE = Automatic;
				COMBINE_HIDPI_IMAGES = YES;
				DEVELOPMENT_TEAM = 43HMQY7T5T;
				INFOPLIST_FILE = gpu_swiftTests/Info.plist;
				LD_RUNPATH_SEARCH_PATHS = (
					"$(inherited)",
					"@executable_path/../Frameworks",
					"@loader_path/../Frameworks",
				);
				PRODUCT_BUNDLE_IDENTIFIER = "co.recp.gpu-swiftTests";
				PRODUCT_NAME = "$(TARGET_NAME)";
				SWIFT_VERSION = 4.2;
				TEST_HOST = "$(BUILT_PRODUCTS_DIR)/gpu_swift.app/Contents/MacOS/gpu_swift";
			};
			name = Release;
		};
		1E8A76C7223D2E88001681FF /* Debug */ = {
			isa = XCBuildConfiguration;
			buildSettings = {
				ALWAYS_EMBED_SWIFT_STANDARD_LIBRARIES = YES;
				CODE_SIGN_STYLE = Automatic;
				COMBINE_HIDPI_IMAGES = YES;
				DEVELOPMENT_TEAM = 43HMQY7T5T;
				INFOPLIST_FILE = gpu_swiftUITests/Info.plist;
				LD_RUNPATH_SEARCH_PATHS = (
					"$(inherited)",
					"@executable_path/../Frameworks",
					"@loader_path/../Frameworks",
				);
				PRODUCT_BUNDLE_IDENTIFIER = "co.recp.gpu-swiftUITests";
				PRODUCT_NAME = "$(TARGET_NAME)";
				SWIFT_VERSION = 4.2;
				TEST_TARGET_NAME = gpu_swift;
			};
			name = Debug;
		};
		1E8A76C8223D2E88001681FF /* Release */ = {
			isa = XCBuildConfiguration;
			buildSettings = {
				ALWAYS_EMBED_SWIFT_STANDARD_LIBRARIES = YES;
				CODE_SIGN_STYLE = Automatic;
				COMBINE_HIDPI_IMAGES = YES;
				DEVELOPMENT_TEAM = 43HMQY7T5T;
				INFOPLIST_FILE = gpu_swiftUITests/Info.plist;
				LD_RUNPATH_SEARCH_PATHS = (
					"$(inherited)",
					"@executable_path/../Frameworks",
					"@loader_path/../Frameworks",
				);
				PRODUCT_BUNDLE_IDENTIFIER = "co.recp.gpu-swiftUITests";
				PRODUCT_NAME = "$(TARGET_NAME)";
				SWIFT_VERSION = 4.2;
				TEST_TARGET_NAME = gpu_swift;
			};
			name = Release;
		};
/* End XCBuildConfiguration section */

/* Begin XCConfigurationList section */
		1E8A7690223D2E86001681FF /* Build configuration list for PBXProject "gpu_swift" */ = {
			isa = XCConfigurationList;
			buildConfigurations = (
				1E8A76BE223D2E88001681FF /* Debug */,
				1E8A76BF223D2E88001681FF /* Release */,
			);
			defaultConfigurationIsVisible = 0;
			defaultConfigurationName = Release;
		};
		1E8A76C0223D2E88001681FF /* Build configuration list for PBXNativeTarget "gpu_swift" */ = {
			isa = XCConfigurationList;
			buildConfigurations = (
				1E8A76C1223D2E88001681FF /* Debug */,
				1E8A76C2223D2E88001681FF /* Release */,
			);
			defaultConfigurationIsVisible = 0;
			defaultConfigurationName = Release;
		};
		1E8A76C3223D2E88001681FF /* Build configuration list for PBXNativeTarget "gpu_swiftTests" */ = {
			isa = XCConfigurationList;
			buildConfigurations = (
				1E8A76C4223D2E88001681FF /* Debug */,
				1E8A76C5223D2E88001681FF /* Release */,
			);
			defaultConfigurationIsVisible = 0;
			defaultConfigurationName = Release;
		};
		1E8A76C6223D2E88001681FF /* Build configuration list for PBXNativeTarget "gpu_swiftUITests" */ = {
			isa = XCConfigurationList;
			buildConfigurations = (
				1E8A76C7223D2E88001681FF /* Debug */,
				1E8A76C8223D2E88001681FF /* Release */,
			);
			defaultConfigurationIsVisible = 0;
			defaultConfigurationName = Release;
		};
/* End XCConfigurationList section */
	};
	rootObject = 1E8A768D223D2E86001681FF /* Project object */;
}
